// !$*UTF8*$!
{
	archiveVersion = 1;
	classes = {
	};
	objectVersion = 50;
	objects = {

/* Begin PBXBuildFile section */
		A902CB69253D727F00B84126 /* main.swift in Sources */ = {isa = PBXBuildFile; fileRef = A902CB68253D727F00B84126 /* main.swift */; };
		A97D83502539854D008B0FD4 /* main.swift in Sources */ = {isa = PBXBuildFile; fileRef = A97D834F2539854D008B0FD4 /* main.swift */; };
		A9BD8DD925382D95002523C1 /* main.swift in Sources */ = {isa = PBXBuildFile; fileRef = A9BD8DD825382D95002523C1 /* main.swift */; };
		A9BD8DE9253832E3002523C1 /* main.swift in Sources */ = {isa = PBXBuildFile; fileRef = A9BD8DE8253832E3002523C1 /* main.swift */; };
/* End PBXBuildFile section */

/* Begin PBXCopyFilesBuildPhase section */
		A902CB64253D727F00B84126 /* CopyFiles */ = {
			isa = PBXCopyFilesBuildPhase;
			buildActionMask = 2147483647;
			dstPath = /usr/share/man/man1/;
			dstSubfolderSpec = 0;
			files = (
			);
			runOnlyForDeploymentPostprocessing = 1;
		};
		A97D834B2539854D008B0FD4 /* CopyFiles */ = {
			isa = PBXCopyFilesBuildPhase;
			buildActionMask = 2147483647;
			dstPath = /usr/share/man/man1/;
			dstSubfolderSpec = 0;
			files = (
			);
			runOnlyForDeploymentPostprocessing = 1;
		};
		A9BD8DD325382D95002523C1 /* CopyFiles */ = {
			isa = PBXCopyFilesBuildPhase;
			buildActionMask = 2147483647;
			dstPath = /usr/share/man/man1/;
			dstSubfolderSpec = 0;
			files = (
			);
			runOnlyForDeploymentPostprocessing = 1;
		};
		A9BD8DE4253832E3002523C1 /* CopyFiles */ = {
			isa = PBXCopyFilesBuildPhase;
			buildActionMask = 2147483647;
			dstPath = /usr/share/man/man1/;
			dstSubfolderSpec = 0;
			files = (
			);
			runOnlyForDeploymentPostprocessing = 1;
		};
/* End PBXCopyFilesBuildPhase section */

/* Begin PBXFileReference section */
		A902CB66253D727F00B84126 /* RateOfFail */ = {isa = PBXFileReference; explicitFileType = "compiled.mach-o.executable"; includeInIndex = 0; path = RateOfFail; sourceTree = BUILT_PRODUCTS_DIR; };
		A902CB68253D727F00B84126 /* main.swift */ = {isa = PBXFileReference; lastKnownFileType = sourcecode.swift; path = main.swift; sourceTree = "<group>"; };
		A97D834D2539854D008B0FD4 /* SecretMap */ = {isa = PBXFileReference; explicitFileType = "compiled.mach-o.executable"; includeInIndex = 0; path = SecretMap; sourceTree = BUILT_PRODUCTS_DIR; };
		A97D834F2539854D008B0FD4 /* main.swift */ = {isa = PBXFileReference; lastKnownFileType = sourcecode.swift; path = main.swift; sourceTree = "<group>"; };
		A9BD8DD525382D95002523C1 /* KakaoBlindLevel1 */ = {isa = PBXFileReference; explicitFileType = "compiled.mach-o.executable"; includeInIndex = 0; path = KakaoBlindLevel1; sourceTree = BUILT_PRODUCTS_DIR; };
		A9BD8DD825382D95002523C1 /* main.swift */ = {isa = PBXFileReference; lastKnownFileType = sourcecode.swift; path = main.swift; sourceTree = "<group>"; };
		A9BD8DE6253832E3002523C1 /* DartGame */ = {isa = PBXFileReference; explicitFileType = "compiled.mach-o.executable"; includeInIndex = 0; path = DartGame; sourceTree = BUILT_PRODUCTS_DIR; };
		A9BD8DE8253832E3002523C1 /* main.swift */ = {isa = PBXFileReference; lastKnownFileType = sourcecode.swift; path = main.swift; sourceTree = "<group>"; };
/* End PBXFileReference section */

/* Begin PBXFrameworksBuildPhase section */
		A902CB63253D727F00B84126 /* Frameworks */ = {
			isa = PBXFrameworksBuildPhase;
			buildActionMask = 2147483647;
			files = (
			);
			runOnlyForDeploymentPostprocessing = 0;
		};
		A97D834A2539854D008B0FD4 /* Frameworks */ = {
			isa = PBXFrameworksBuildPhase;
			buildActionMask = 2147483647;
			files = (
			);
			runOnlyForDeploymentPostprocessing = 0;
		};
		A9BD8DD225382D95002523C1 /* Frameworks */ = {
			isa = PBXFrameworksBuildPhase;
			buildActionMask = 2147483647;
			files = (
			);
			runOnlyForDeploymentPostprocessing = 0;
		};
		A9BD8DE3253832E3002523C1 /* Frameworks */ = {
			isa = PBXFrameworksBuildPhase;
			buildActionMask = 2147483647;
			files = (
			);
			runOnlyForDeploymentPostprocessing = 0;
		};
/* End PBXFrameworksBuildPhase section */

/* Begin PBXGroup section */
		A902CB67253D727F00B84126 /* RateOfFail */ = {
			isa = PBXGroup;
			children = (
				A902CB68253D727F00B84126 /* main.swift */,
			);
			path = RateOfFail;
			sourceTree = "<group>";
		};
		A97D834E2539854D008B0FD4 /* SecretMap */ = {
			isa = PBXGroup;
			children = (
				A97D834F2539854D008B0FD4 /* main.swift */,
			);
			path = SecretMap;
			sourceTree = "<group>";
		};
		A9BD8DCC25382D95002523C1 = {
			isa = PBXGroup;
			children = (
				A9BD8DD725382D95002523C1 /* KakaoBlindLevel1 */,
				A9BD8DE7253832E3002523C1 /* DartGame */,
				A97D834E2539854D008B0FD4 /* SecretMap */,
				A902CB67253D727F00B84126 /* RateOfFail */,
				A9BD8DD625382D95002523C1 /* Products */,
			);
			sourceTree = "<group>";
		};
		A9BD8DD625382D95002523C1 /* Products */ = {
			isa = PBXGroup;
			children = (
				A9BD8DD525382D95002523C1 /* KakaoBlindLevel1 */,
				A9BD8DE6253832E3002523C1 /* DartGame */,
				A97D834D2539854D008B0FD4 /* SecretMap */,
				A902CB66253D727F00B84126 /* RateOfFail */,
			);
			name = Products;
			sourceTree = "<group>";
		};
		A9BD8DD725382D95002523C1 /* KakaoBlindLevel1 */ = {
			isa = PBXGroup;
			children = (
				A9BD8DD825382D95002523C1 /* main.swift */,
			);
			path = KakaoBlindLevel1;
			sourceTree = "<group>";
		};
		A9BD8DE7253832E3002523C1 /* DartGame */ = {
			isa = PBXGroup;
			children = (
				A9BD8DE8253832E3002523C1 /* main.swift */,
			);
			path = DartGame;
			sourceTree = "<group>";
		};
/* End PBXGroup section */

/* Begin PBXNativeTarget section */
		A902CB65253D727F00B84126 /* RateOfFail */ = {
			isa = PBXNativeTarget;
			buildConfigurationList = A902CB6C253D727F00B84126 /* Build configuration list for PBXNativeTarget "RateOfFail" */;
			buildPhases = (
				A902CB62253D727F00B84126 /* Sources */,
				A902CB63253D727F00B84126 /* Frameworks */,
				A902CB64253D727F00B84126 /* CopyFiles */,
			);
			buildRules = (
			);
			dependencies = (
			);
			name = RateOfFail;
			productName = RateOfFail;
			productReference = A902CB66253D727F00B84126 /* RateOfFail */;
			productType = "com.apple.product-type.tool";
		};
		A97D834C2539854D008B0FD4 /* SecretMap */ = {
			isa = PBXNativeTarget;
			buildConfigurationList = A97D83532539854D008B0FD4 /* Build configuration list for PBXNativeTarget "SecretMap" */;
			buildPhases = (
				A97D83492539854D008B0FD4 /* Sources */,
				A97D834A2539854D008B0FD4 /* Frameworks */,
				A97D834B2539854D008B0FD4 /* CopyFiles */,
			);
			buildRules = (
			);
			dependencies = (
			);
			name = SecretMap;
			productName = SecretMap;
			productReference = A97D834D2539854D008B0FD4 /* SecretMap */;
			productType = "com.apple.product-type.tool";
		};
		A9BD8DD425382D95002523C1 /* KakaoBlindLevel1 */ = {
			isa = PBXNativeTarget;
			buildConfigurationList = A9BD8DDC25382D95002523C1 /* Build configuration list for PBXNativeTarget "KakaoBlindLevel1" */;
			buildPhases = (
				A9BD8DD125382D95002523C1 /* Sources */,
				A9BD8DD225382D95002523C1 /* Frameworks */,
				A9BD8DD325382D95002523C1 /* CopyFiles */,
			);
			buildRules = (
			);
			dependencies = (
			);
			name = KakaoBlindLevel1;
			productName = KakaoBlindLevel1;
			productReference = A9BD8DD525382D95002523C1 /* KakaoBlindLevel1 */;
			productType = "com.apple.product-type.tool";
		};
		A9BD8DE5253832E3002523C1 /* DartGame */ = {
			isa = PBXNativeTarget;
			buildConfigurationList = A9BD8DEC253832E3002523C1 /* Build configuration list for PBXNativeTarget "DartGame" */;
			buildPhases = (
				A9BD8DE2253832E3002523C1 /* Sources */,
				A9BD8DE3253832E3002523C1 /* Frameworks */,
				A9BD8DE4253832E3002523C1 /* CopyFiles */,
			);
			buildRules = (
			);
			dependencies = (
			);
			name = DartGame;
			productName = DartGame;
			productReference = A9BD8DE6253832E3002523C1 /* DartGame */;
			productType = "com.apple.product-type.tool";
		};
/* End PBXNativeTarget section */

/* Begin PBXProject section */
		A9BD8DCD25382D95002523C1 /* Project object */ = {
			isa = PBXProject;
			attributes = {
				LastSwiftUpdateCheck = 1200;
				LastUpgradeCheck = 1210;
				TargetAttributes = {
					A902CB65253D727F00B84126 = {
						CreatedOnToolsVersion = 12.0.1;
					};
					A97D834C2539854D008B0FD4 = {
						CreatedOnToolsVersion = 12.0.1;
					};
					A9BD8DD425382D95002523C1 = {
						CreatedOnToolsVersion = 12.0.1;
					};
					A9BD8DE5253832E3002523C1 = {
						CreatedOnToolsVersion = 12.0.1;
					};
				};
			};
			buildConfigurationList = A9BD8DD025382D95002523C1 /* Build configuration list for PBXProject "KakaoBlindLevel1" */;
			compatibilityVersion = "Xcode 9.3";
			developmentRegion = en;
			hasScannedForEncodings = 0;
			knownRegions = (
				en,
				Base,
			);
			mainGroup = A9BD8DCC25382D95002523C1;
			productRefGroup = A9BD8DD625382D95002523C1 /* Products */;
			projectDirPath = "";
			projectRoot = "";
			targets = (
				A9BD8DD425382D95002523C1 /* KakaoBlindLevel1 */,
				A9BD8DE5253832E3002523C1 /* DartGame */,
				A97D834C2539854D008B0FD4 /* SecretMap */,
				A902CB65253D727F00B84126 /* RateOfFail */,
			);
		};
/* End PBXProject section */

/* Begin PBXSourcesBuildPhase section */
		A902CB62253D727F00B84126 /* Sources */ = {
			isa = PBXSourcesBuildPhase;
			buildActionMask = 2147483647;
			files = (
				A902CB69253D727F00B84126 /* main.swift in Sources */,
			);
			runOnlyForDeploymentPostprocessing = 0;
		};
		A97D83492539854D008B0FD4 /* Sources */ = {
			isa = PBXSourcesBuildPhase;
			buildActionMask = 2147483647;
			files = (
				A97D83502539854D008B0FD4 /* main.swift in Sources */,
			);
			runOnlyForDeploymentPostprocessing = 0;
		};
		A9BD8DD125382D95002523C1 /* Sources */ = {
			isa = PBXSourcesBuildPhase;
			buildActionMask = 2147483647;
			files = (
				A9BD8DD925382D95002523C1 /* main.swift in Sources */,
			);
			runOnlyForDeploymentPostprocessing = 0;
		};
		A9BD8DE2253832E3002523C1 /* Sources */ = {
			isa = PBXSourcesBuildPhase;
			buildActionMask = 2147483647;
			files = (
				A9BD8DE9253832E3002523C1 /* main.swift in Sources */,
			);
			runOnlyForDeploymentPostprocessing = 0;
		};
/* End PBXSourcesBuildPhase section */

/* Begin XCBuildConfiguration section */
		A902CB6A253D727F00B84126 /* Debug */ = {
			isa = XCBuildConfiguration;
			buildSettings = {
				CODE_SIGN_IDENTITY = "-";
				CODE_SIGN_STYLE = Automatic;
				DEVELOPMENT_TEAM = 9486RJPBM5;
				ENABLE_HARDENED_RUNTIME = YES;
				PRODUCT_NAME = "$(TARGET_NAME)";
				SWIFT_VERSION = 5.0;
			};
			name = Debug;
		};
		A902CB6B253D727F00B84126 /* Release */ = {
			isa = XCBuildConfiguration;
			buildSettings = {
				CODE_SIGN_IDENTITY = "-";
				CODE_SIGN_STYLE = Automatic;
				DEVELOPMENT_TEAM = 9486RJPBM5;
				ENABLE_HARDENED_RUNTIME = YES;
				PRODUCT_NAME = "$(TARGET_NAME)";
				SWIFT_VERSION = 5.0;
			};
			name = Release;
		};
		A97D83512539854D008B0FD4 /* Debug */ = {
			isa = XCBuildConfiguration;
			buildSettings = {
				CODE_SIGN_IDENTITY = "-";
				CODE_SIGN_STYLE = Automatic;
				DEVELOPMENT_TEAM = 9486RJPBM5;
				ENABLE_HARDENED_RUNTIME = YES;
				PRODUCT_NAME = "$(TARGET_NAME)";
				SWIFT_VERSION = 5.0;
			};
			name = Debug;
		};
		A97D83522539854D008B0FD4 /* Release */ = {
			isa = XCBuildConfiguration;
			buildSettings = {
				CODE_SIGN_IDENTITY = "-";
				CODE_SIGN_STYLE = Automatic;
				DEVELOPMENT_TEAM = 9486RJPBM5;
				ENABLE_HARDENED_RUNTIME = YES;
				PRODUCT_NAME = "$(TARGET_NAME)";
				SWIFT_VERSION = 5.0;
			};
			name = Release;
		};
		A9BD8DDA25382D95002523C1 /* Debug */ = {
			isa = XCBuildConfiguration;
			buildSettings = {
				ALWAYS_SEARCH_USER_PATHS = NO;
				CLANG_ANALYZER_NONNULL = YES;
				CLANG_ANALYZER_NUMBER_OBJECT_CONVERSION = YES_AGGRESSIVE;
				CLANG_CXX_LANGUAGE_STANDARD = "gnu++14";
				CLANG_CXX_LIBRARY = "libc++";
				CLANG_ENABLE_MODULES = YES;
				CLANG_ENABLE_OBJC_ARC = YES;
				CLANG_ENABLE_OBJC_WEAK = YES;
				CLANG_WARN_BLOCK_CAPTURE_AUTORELEASING = YES;
				CLANG_WARN_BOOL_CONVERSION = YES;
				CLANG_WARN_COMMA = YES;
				CLANG_WARN_CONSTANT_CONVERSION = YES;
				CLANG_WARN_DEPRECATED_OBJC_IMPLEMENTATIONS = YES;
				CLANG_WARN_DIRECT_OBJC_ISA_USAGE = YES_ERROR;
				CLANG_WARN_DOCUMENTATION_COMMENTS = YES;
				CLANG_WARN_EMPTY_BODY = YES;
				CLANG_WARN_ENUM_CONVERSION = YES;
				CLANG_WARN_INFINITE_RECURSION = YES;
				CLANG_WARN_INT_CONVERSION = YES;
				CLANG_WARN_NON_LITERAL_NULL_CONVERSION = YES;
				CLANG_WARN_OBJC_IMPLICIT_RETAIN_SELF = YES;
				CLANG_WARN_OBJC_LITERAL_CONVERSION = YES;
				CLANG_WARN_OBJC_ROOT_CLASS = YES_ERROR;
				CLANG_WARN_QUOTED_INCLUDE_IN_FRAMEWORK_HEADER = YES;
				CLANG_WARN_RANGE_LOOP_ANALYSIS = YES;
				CLANG_WARN_STRICT_PROTOTYPES = YES;
				CLANG_WARN_SUSPICIOUS_MOVE = YES;
				CLANG_WARN_UNGUARDED_AVAILABILITY = YES_AGGRESSIVE;
				CLANG_WARN_UNREACHABLE_CODE = YES;
				CLANG_WARN__DUPLICATE_METHOD_MATCH = YES;
				COPY_PHASE_STRIP = NO;
				DEBUG_INFORMATION_FORMAT = dwarf;
				ENABLE_STRICT_OBJC_MSGSEND = YES;
				ENABLE_TESTABILITY = YES;
				GCC_C_LANGUAGE_STANDARD = gnu11;
				GCC_DYNAMIC_NO_PIC = NO;
				GCC_NO_COMMON_BLOCKS = YES;
				GCC_OPTIMIZATION_LEVEL = 0;
				GCC_PREPROCESSOR_DEFINITIONS = (
					"DEBUG=1",
					"$(inherited)",
				);
				GCC_WARN_64_TO_32_BIT_CONVERSION = YES;
				GCC_WARN_ABOUT_RETURN_TYPE = YES_ERROR;
				GCC_WARN_UNDECLARED_SELECTOR = YES;
				GCC_WARN_UNINITIALIZED_AUTOS = YES_AGGRESSIVE;
				GCC_WARN_UNUSED_FUNCTION = YES;
				GCC_WARN_UNUSED_VARIABLE = YES;
				MACOSX_DEPLOYMENT_TARGET = 10.15;
				MTL_ENABLE_DEBUG_INFO = INCLUDE_SOURCE;
				MTL_FAST_MATH = YES;
				ONLY_ACTIVE_ARCH = YES;
				SDKROOT = macosx;
				SWIFT_ACTIVE_COMPILATION_CONDITIONS = DEBUG;
				SWIFT_OPTIMIZATION_LEVEL = "-Onone";
			};
			name = Debug;
		};
		A9BD8DDB25382D95002523C1 /* Release */ = {
			isa = XCBuildConfiguration;
			buildSettings = {
				ALWAYS_SEARCH_USER_PATHS = NO;
				CLANG_ANALYZER_NONNULL = YES;
				CLANG_ANALYZER_NUMBER_OBJECT_CONVERSION = YES_AGGRESSIVE;
				CLANG_CXX_LANGUAGE_STANDARD = "gnu++14";
				CLANG_CXX_LIBRARY = "libc++";
				CLANG_ENABLE_MODULES = YES;
				CLANG_ENABLE_OBJC_ARC = YES;
				CLANG_ENABLE_OBJC_WEAK = YES;
				CLANG_WARN_BLOCK_CAPTURE_AUTORELEASING = YES;
				CLANG_WARN_BOOL_CONVERSION = YES;
				CLANG_WARN_COMMA = YES;
				CLANG_WARN_CONSTANT_CONVERSION = YES;
				CLANG_WARN_DEPRECATED_OBJC_IMPLEMENTATIONS = YES;
				CLANG_WARN_DIRECT_OBJC_ISA_USAGE = YES_ERROR;
				CLANG_WARN_DOCUMENTATION_COMMENTS = YES;
				CLANG_WARN_EMPTY_BODY = YES;
				CLANG_WARN_ENUM_CONVERSION = YES;
				CLANG_WARN_INFINITE_RECURSION = YES;
				CLANG_WARN_INT_CONVERSION = YES;
				CLANG_WARN_NON_LITERAL_NULL_CONVERSION = YES;
				CLANG_WARN_OBJC_IMPLICIT_RETAIN_SELF = YES;
				CLANG_WARN_OBJC_LITERAL_CONVERSION = YES;
				CLANG_WARN_OBJC_ROOT_CLASS = YES_ERROR;
				CLANG_WARN_QUOTED_INCLUDE_IN_FRAMEWORK_HEADER = YES;
				CLANG_WARN_RANGE_LOOP_ANALYSIS = YES;
				CLANG_WARN_STRICT_PROTOTYPES = YES;
				CLANG_WARN_SUSPICIOUS_MOVE = YES;
				CLANG_WARN_UNGUARDED_AVAILABILITY = YES_AGGRESSIVE;
				CLANG_WARN_UNREACHABLE_CODE = YES;
				CLANG_WARN__DUPLICATE_METHOD_MATCH = YES;
				COPY_PHASE_STRIP = NO;
				DEBUG_INFORMATION_FORMAT = "dwarf-with-dsym";
				ENABLE_NS_ASSERTIONS = NO;
				ENABLE_STRICT_OBJC_MSGSEND = YES;
				GCC_C_LANGUAGE_STANDARD = gnu11;
				GCC_NO_COMMON_BLOCKS = YES;
				GCC_WARN_64_TO_32_BIT_CONVERSION = YES;
				GCC_WARN_ABOUT_RETURN_TYPE = YES_ERROR;
				GCC_WARN_UNDECLARED_SELECTOR = YES;
				GCC_WARN_UNINITIALIZED_AUTOS = YES_AGGRESSIVE;
				GCC_WARN_UNUSED_FUNCTION = YES;
				GCC_WARN_UNUSED_VARIABLE = YES;
				MACOSX_DEPLOYMENT_TARGET = 10.15;
				MTL_ENABLE_DEBUG_INFO = NO;
				MTL_FAST_MATH = YES;
				SDKROOT = macosx;
				SWIFT_COMPILATION_MODE = wholemodule;
				SWIFT_OPTIMIZATION_LEVEL = "-O";
			};
			name = Release;
		};
		A9BD8DDD25382D95002523C1 /* Debug */ = {
			isa = XCBuildConfiguration;
			buildSettings = {
				CODE_SIGN_IDENTITY = "-";
				CODE_SIGN_STYLE = Automatic;
				DEVELOPMENT_TEAM = 9486RJPBM5;
				ENABLE_HARDENED_RUNTIME = YES;
				PRODUCT_NAME = "$(TARGET_NAME)";
				SWIFT_VERSION = 5.0;
			};
			name = Debug;
		};
		A9BD8DDE25382D95002523C1 /* Release */ = {
			isa = XCBuildConfiguration;
			buildSettings = {
				CODE_SIGN_IDENTITY = "-";
				CODE_SIGN_STYLE = Automatic;
				DEVELOPMENT_TEAM = 9486RJPBM5;
				ENABLE_HARDENED_RUNTIME = YES;
				PRODUCT_NAME = "$(TARGET_NAME)";
				SWIFT_VERSION = 5.0;
			};
			name = Release;
		};
		A9BD8DEA253832E3002523C1 /* Debug */ = {
			isa = XCBuildConfiguration;
			buildSettings = {
				CODE_SIGN_IDENTITY = "-";
				CODE_SIGN_STYLE = Automatic;
				DEVELOPMENT_TEAM = 9486RJPBM5;
				ENABLE_HARDENED_RUNTIME = YES;
				PRODUCT_NAME = "$(TARGET_NAME)";
				SWIFT_VERSION = 5.0;
			};
			name = Debug;
		};
		A9BD8DEB253832E3002523C1 /* Release */ = {
			isa = XCBuildConfiguration;
			buildSettings = {
				CODE_SIGN_IDENTITY = "-";
				CODE_SIGN_STYLE = Automatic;
				DEVELOPMENT_TEAM = 9486RJPBM5;
				ENABLE_HARDENED_RUNTIME = YES;
				PRODUCT_NAME = "$(TARGET_NAME)";
				SWIFT_VERSION = 5.0;
			};
			name = Release;
		};
/* End XCBuildConfiguration section */

/* Begin XCConfigurationList section */
		A902CB6C253D727F00B84126 /* Build configuration list for PBXNativeTarget "RateOfFail" */ = {
			isa = XCConfigurationList;
			buildConfigurations = (
				A902CB6A253D727F00B84126 /* Debug */,
				A902CB6B253D727F00B84126 /* Release */,
			);
			defaultConfigurationIsVisible = 0;
			defaultConfigurationName = Release;
		};
		A97D83532539854D008B0FD4 /* Build configuration list for PBXNativeTarget "SecretMap" */ = {
			isa = XCConfigurationList;
			buildConfigurations = (
				A97D83512539854D008B0FD4 /* Debug */,
				A97D83522539854D008B0FD4 /* Release */,
			);
			defaultConfigurationIsVisible = 0;
			defaultConfigurationName = Release;
		};
		A9BD8DD025382D95002523C1 /* Build configuration list for PBXProject "KakaoBlindLevel1" */ = {
			isa = XCConfigurationList;
			buildConfigurations = (
				A9BD8DDA25382D95002523C1 /* Debug */,
				A9BD8DDB25382D95002523C1 /* Release */,
			);
			defaultConfigurationIsVisible = 0;
			defaultConfigurationName = Release;
		};
		A9BD8DDC25382D95002523C1 /* Build configuration list for PBXNativeTarget "KakaoBlindLevel1" */ = {
			isa = XCConfigurationList;
			buildConfigurations = (
				A9BD8DDD25382D95002523C1 /* Debug */,
				A9BD8DDE25382D95002523C1 /* Release */,
			);
			defaultConfigurationIsVisible = 0;
			defaultConfigurationName = Release;
		};
		A9BD8DEC253832E3002523C1 /* Build configuration list for PBXNativeTarget "DartGame" */ = {
			isa = XCConfigurationList;
			buildConfigurations = (
				A9BD8DEA253832E3002523C1 /* Debug */,
				A9BD8DEB253832E3002523C1 /* Release */,
			);
			defaultConfigurationIsVisible = 0;
			defaultConfigurationName = Release;
		};
/* End XCConfigurationList section */
	};
	rootObject = A9BD8DCD25382D95002523C1 /* Project object */;
}
